
Microsoft Visual Studio Solution File, Format Version 12.00
# Visual Studio Version 17
VisualStudioVersion = 17.1.32228.430
MinimumVisualStudioVersion = 10.0.40219.1
Project("{FAE04EC0-301F-11D3-BF4B-00C04F79EFBC}") = "ClientSecretaryGEK", "ClientSecretaryGEK\ClientSecretaryGEK.csproj", "{BDC63844-6186-4875-87E7-AFACA25FA907}"
EndProject
Project("{54435603-DBB4-11D2-8724-00A0C9A8B90C}") = "Setup1", "Setup1\Setup1.vdproj", "{E5C790A4-85E8-4DD6-8F2B-A7D8EA3C712A}"
EndProject
Global
	GlobalSection(SolutionConfigurationPlatforms) = preSolution
		Debug|Any CPU = Debug|Any CPU
		Release|Any CPU = Release|Any CPU
	EndGlobalSection
	GlobalSection(ProjectConfigurationPlatforms) = postSolution
		{BDC63844-6186-4875-87E7-AFACA25FA907}.Debug|Any CPU.ActiveCfg = Debug|Any CPU
		{BDC63844-6186-4875-87E7-AFACA25FA907}.Debug|Any CPU.Build.0 = Debug|Any CPU
		{BDC63844-6186-4875-87E7-AFACA25FA907}.Release|Any CPU.ActiveCfg = Release|Any CPU
		{BDC63844-6186-4875-87E7-AFACA25FA907}.Release|Any CPU.Build.0 = Release|Any CPU
		{E5C790A4-85E8-4DD6-8F2B-A7D8EA3C712A}.Debug|Any CPU.ActiveCfg = Debug
		{E5C790A4-85E8-4DD6-8F2B-A7D8EA3C712A}.Release|Any CPU.ActiveCfg = Release
	EndGlobalSection
	GlobalSection(SolutionProperties) = preSolution
		HideSolutionNode = FALSE
	EndGlobalSection
	GlobalSection(ExtensibilityGlobals) = postSolution
		SolutionGuid = {110D0FA2-DEAE-4DB7-8546-5FAB64A0A171}
	EndGlobalSection
EndGlobal
